
Microsoft Visual Studio Solution File, Format Version 12.00
# Visual Studio Version 17
VisualStudioVersion = 17.14.36301.6 d17.14
MinimumVisualStudioVersion = 10.0.40219.1
Project("{FAE04EC0-301F-11D3-BF4B-00C04F79EFBC}") = "PruebaTecnicaModelo", "PruebaTecnicaModelo\PruebaTecnicaModelo.csproj", "{BEDF237E-049C-4F9F-9ED7-AA309E0C2A92}"
EndProject
Global
	GlobalSection(SolutionConfigurationPlatforms) = preSolution
		Debug|Any CPU = Debug|Any CPU
		Release|Any CPU = Release|Any CPU
	EndGlobalSection
	GlobalSection(ProjectConfigurationPlatforms) = postSolution
		{BEDF237E-049C-4F9F-9ED7-AA309E0C2A92}.Debug|Any CPU.ActiveCfg = Debug|Any CPU
		{BEDF237E-049C-4F9F-9ED7-AA309E0C2A92}.Debug|Any CPU.Build.0 = Debug|Any CPU
		{BEDF237E-049C-4F9F-9ED7-AA309E0C2A92}.Release|Any CPU.ActiveCfg = Release|Any CPU
		{BEDF237E-049C-4F9F-9ED7-AA309E0C2A92}.Release|Any CPU.Build.0 = Release|Any CPU
	EndGlobalSection
	GlobalSection(SolutionProperties) = preSolution
		HideSolutionNode = FALSE
	EndGlobalSection
	GlobalSection(ExtensibilityGlobals) = postSolution
		SolutionGuid = {2C79EAAC-003E-41C1-AC2F-D44A413F1363}
	EndGlobalSection
EndGlobal
